
Microsoft Visual Studio Solution File, Format Version 12.00
# Visual Studio Version 17
VisualStudioVersion = 17.1.32228.430
MinimumVisualStudioVersion = 10.0.40219.1
Project("{2150E333-8FDC-42A3-9474-1A3956D46DE8}") = "Library", "Library", "{9BDBB3D4-06BF-48E1-A579-514580FE973B}"
EndProject
Project("{2150E333-8FDC-42A3-9474-1A3956D46DE8}") = "Web", "Web", "{C1F4A0F2-6393-4596-98A7-1BFE8021CC9D}"
EndProject
Project("{FAE04EC0-301F-11D3-BF4B-00C04F79EFBC}") = "EDMs.Web", "Web\EDMs.Web\EDMs.Web.csproj", "{53A69671-224A-47E2-B17F-7B6E746EF9D1}"
EndProject
Project("{FAE04EC0-301F-11D3-BF4B-00C04F79EFBC}") = "EDMs.Data", "Libraries\EDMs.Data\EDMs.Data.csproj", "{107960A4-86F6-429E-A3FC-3151B2920EFD}"
EndProject
Project("{FAE04EC0-301F-11D3-BF4B-00C04F79EFBC}") = "EDMs.Business", "Libraries\EDMs.Business\EDMs.Business.csproj", "{419EB6DF-64CD-4702-827A-D9CC6F32EFE3}"
EndProject
Project("{2150E333-8FDC-42A3-9474-1A3956D46DE8}") = "Service", "Service", "{204E20ED-4B27-46F3-A529-0B9E87DF3605}"
EndProject
Project("{FAE04EC0-301F-11D3-BF4B-00C04F79EFBC}") = "TestFolderWatcher", "Service\TestFolderWatcher\TestFolderWatcher.csproj", "{98C90F98-1ACB-4FF4-B5F9-F0F3D664B251}"
EndProject
Project("{FAE04EC0-301F-11D3-BF4B-00C04F79EFBC}") = "Temp.IO", "Service\Temp.IO\Temp.IO.csproj", "{273524B6-C333-46CD-BF7A-73A4370950FA}"
EndProject
Project("{2150E333-8FDC-42A3-9474-1A3956D46DE8}") = ".nuget", ".nuget", "{400DF59E-BC5D-49C6-902F-33D40CB170E5}"
	ProjectSection(SolutionItems) = preProject
		.nuget\NuGet.Config = .nuget\NuGet.Config
		.nuget\NuGet.exe = .nuget\NuGet.exe
		.nuget\NuGet.targets = .nuget\NuGet.targets
	EndProjectSection
EndProject
Project("{FAE04EC0-301F-11D3-BF4B-00C04F79EFBC}") = "SyncToOffShore", "Service\SyncToOffShore\SyncToOffShore.csproj", "{F6F13AE8-BADC-4661-B830-7B5222D41E4C}"
EndProject
Project("{6141683F-8A12-4E36-9623-2EB02B2C2303}") = "WMSSyncDataSetup", "Service\WMSSyncDataSetup\WMSSyncDataSetup.isproj", "{00BB8CE3-0C12-4D77-AC98-16CD844D5DB6}"
EndProject
Project("{FAE04EC0-301F-11D3-BF4B-00C04F79EFBC}") = "WMSTestAmosConnection", "Service\WMSTestAmosConnection\WMSTestAmosConnection.csproj", "{6BD1C231-A393-45F4-8807-3DF423DCCC06}"
EndProject
Project("{FAE04EC0-301F-11D3-BF4B-00C04F79EFBC}") = "GetPDFComment", "Service\GetPDFComment\GetPDFComment.csproj", "{9344674D-EF07-4CFC-A10A-0F55DBA7E9D9}"
EndProject
Project("{FAE04EC0-301F-11D3-BF4B-00C04F79EFBC}") = "InitDataTools", "Service\InitDataTools\InitDataTools.csproj", "{8D41383C-ED16-4866-AAFD-5289782A5DEC}"
EndProject
Project("{FAE04EC0-301F-11D3-BF4B-00C04F79EFBC}") = "NitificationTaskOverdue", "Service\NitificationTaskOverdue\NitificationTaskOverdue.csproj", "{B563C608-FC9F-425E-9CF0-7ED1E549D814}"
EndProject
Project("{FAE04EC0-301F-11D3-BF4B-00C04F79EFBC}") = "EAM.TestConsole", "Libraries\EAM.TestConsole\EAM.TestConsole.csproj", "{CF7B6977-8047-42DF-BA46-CE0F50CC728E}"
EndProject
Project("{FAE04EC0-301F-11D3-BF4B-00C04F79EFBC}") = "EAM.WebPortal", "Web\EAM.WebPortal\EAM.WebPortal.csproj", "{D24DC11B-E1F5-4A5A-B6AF-79FE401C6C93}"
EndProject
Project("{FAE04EC0-301F-11D3-BF4B-00C04F79EFBC}") = "EAM.Data", "Libraries\EAM.Data\EAM.Data.csproj", "{12FB7AEA-ED7E-4541-BBAD-E4A49684F33D}"
EndProject
Project("{FAE04EC0-301F-11D3-BF4B-00C04F79EFBC}") = "EAM.Business", "Libraries\EAM.Business\EAM.Business.csproj", "{91767E79-7074-4714-8493-564AF7B9EF6E}"
EndProject
Project("{FAE04EC0-301F-11D3-BF4B-00C04F79EFBC}") = "EAM.TestWebApp", "Web\EAM.TestWebApp\EAM.TestWebApp.csproj", "{B8CECB97-03D1-4EAB-B727-BE57C45D8151}"
EndProject
Project("{FAE04EC0-301F-11D3-BF4B-00C04F79EFBC}") = "EAM.Notification", "Service\EAM.EmailNotification\EAM.Notification.csproj", "{CB81FA12-EB86-4645-AD1C-3E3DB468E227}"
EndProject
Project("{FAE04EC0-301F-11D3-BF4B-00C04F79EFBC}") = "EAM.XNKTBBBD", "Web\EAM.XNKTBBBD\EAM.XNKTBBBD.csproj", "{D5A3A098-5AEA-41FB-8C11-21A588FDDCC6}"
EndProject
Project("{FAE04EC0-301F-11D3-BF4B-00C04F79EFBC}") = "EAM.MiccoNotification", "Service\EAM.MiccoNotification\EAM.MiccoNotification.csproj", "{731724DE-1419-4F30-9F7A-88BC735FEC11}"
EndProject
Project("{FAE04EC0-301F-11D3-BF4B-00C04F79EFBC}") = "EAM.LDAWebService", "Service\EAM.LDAWebService\EAM.LDAWebService.csproj", "{E8AFDB84-3F17-47D6-8CBF-6AACC6239364}"
EndProject
Project("{9A19103F-16F7-4668-BE54-9A1E7A4F7556}") = "EAM.LDAWebAPICore", "Service\EAM.LDAWebAPICore\EAM.LDAWebAPICore.csproj", "{B71C254D-A08C-43D2-B352-53A88D4EA2C5}"
EndProject
Project("{FAE04EC0-301F-11D3-BF4B-00C04F79EFBC}") = "EAM.LDAFolderWatcher", "Service\EAM.LDAFolderWatcher\EAM.LDAFolderWatcher.csproj", "{49134F0B-29B1-4844-BCA0-882679FB31B0}"
EndProject
Project("{9A19103F-16F7-4668-BE54-9A1E7A4F7556}") = "EAM.XNKTWebAPICore", "Service\EAM.XNKTWebAPICore\EAM.XNKTWebAPICore.csproj", "{D16818D5-7A6B-4807-8AD6-EBD3266D54FA}"
EndProject
Global
	GlobalSection(SolutionConfigurationPlatforms) = preSolution
		CD_ROM|Any CPU = CD_ROM|Any CPU
		CD_ROM|x86 = CD_ROM|x86
		Debug|Any CPU = Debug|Any CPU
		Debug|x86 = Debug|x86
		DVD-5|Any CPU = DVD-5|Any CPU
		DVD-5|x86 = DVD-5|x86
		Release|Any CPU = Release|Any CPU
		Release|x86 = Release|x86
		SingleImage|Any CPU = SingleImage|Any CPU
		SingleImage|x86 = SingleImage|x86
	EndGlobalSection
	GlobalSection(ProjectConfigurationPlatforms) = postSolution
		{53A69671-224A-47E2-B17F-7B6E746EF9D1}.CD_ROM|Any CPU.ActiveCfg = Release|Any CPU
		{53A69671-224A-47E2-B17F-7B6E746EF9D1}.CD_ROM|Any CPU.Build.0 = Release|Any CPU
		{53A69671-224A-47E2-B17F-7B6E746EF9D1}.CD_ROM|x86.ActiveCfg = Release|x86
		{53A69671-224A-47E2-B17F-7B6E746EF9D1}.CD_ROM|x86.Build.0 = Release|x86
		{53A69671-224A-47E2-B17F-7B6E746EF9D1}.Debug|Any CPU.ActiveCfg = Debug|Any CPU
		{53A69671-224A-47E2-B17F-7B6E746EF9D1}.Debug|Any CPU.Build.0 = Debug|Any CPU
		{53A69671-224A-47E2-B17F-7B6E746EF9D1}.Debug|x86.ActiveCfg = Debug|x86
		{53A69671-224A-47E2-B17F-7B6E746EF9D1}.Debug|x86.Build.0 = Debug|x86
		{53A69671-224A-47E2-B17F-7B6E746EF9D1}.DVD-5|Any CPU.ActiveCfg = Debug|Any CPU
		{53A69671-224A-47E2-B17F-7B6E746EF9D1}.DVD-5|Any CPU.Build.0 = Debug|Any CPU
		{53A69671-224A-47E2-B17F-7B6E746EF9D1}.DVD-5|x86.ActiveCfg = Debug|x86
		{53A69671-224A-47E2-B17F-7B6E746EF9D1}.DVD-5|x86.Build.0 = Debug|x86
		{53A69671-224A-47E2-B17F-7B6E746EF9D1}.Release|Any CPU.ActiveCfg = Release|Any CPU
		{53A69671-224A-47E2-B17F-7B6E746EF9D1}.Release|Any CPU.Build.0 = Release|Any CPU
		{53A69671-224A-47E2-B17F-7B6E746EF9D1}.Release|x86.ActiveCfg = Release|x86
		{53A69671-224A-47E2-B17F-7B6E746EF9D1}.Release|x86.Build.0 = Release|x86
		{53A69671-224A-47E2-B17F-7B6E746EF9D1}.SingleImage|Any CPU.ActiveCfg = Release|Any CPU
		{53A69671-224A-47E2-B17F-7B6E746EF9D1}.SingleImage|Any CPU.Build.0 = Release|Any CPU
		{53A69671-224A-47E2-B17F-7B6E746EF9D1}.SingleImage|x86.ActiveCfg = Release|x86
		{53A69671-224A-47E2-B17F-7B6E746EF9D1}.SingleImage|x86.Build.0 = Release|x86
		{107960A4-86F6-429E-A3FC-3151B2920EFD}.CD_ROM|Any CPU.ActiveCfg = Release|Any CPU
		{107960A4-86F6-429E-A3FC-3151B2920EFD}.CD_ROM|Any CPU.Build.0 = Release|Any CPU
		{107960A4-86F6-429E-A3FC-3151B2920EFD}.CD_ROM|x86.ActiveCfg = Release|x86
		{107960A4-86F6-429E-A3FC-3151B2920EFD}.CD_ROM|x86.Build.0 = Release|x86
		{107960A4-86F6-429E-A3FC-3151B2920EFD}.Debug|Any CPU.ActiveCfg = Debug|Any CPU
		{107960A4-86F6-429E-A3FC-3151B2920EFD}.Debug|Any CPU.Build.0 = Debug|Any CPU
		{107960A4-86F6-429E-A3FC-3151B2920EFD}.Debug|x86.ActiveCfg = Debug|x86
		{107960A4-86F6-429E-A3FC-3151B2920EFD}.Debug|x86.Build.0 = Debug|x86
		{107960A4-86F6-429E-A3FC-3151B2920EFD}.DVD-5|Any CPU.ActiveCfg = Debug|Any CPU
		{107960A4-86F6-429E-A3FC-3151B2920EFD}.DVD-5|Any CPU.Build.0 = Debug|Any CPU
		{107960A4-86F6-429E-A3FC-3151B2920EFD}.DVD-5|x86.ActiveCfg = Debug|x86
		{107960A4-86F6-429E-A3FC-3151B2920EFD}.DVD-5|x86.Build.0 = Debug|x86
		{107960A4-86F6-429E-A3FC-3151B2920EFD}.Release|Any CPU.ActiveCfg = Release|Any CPU
		{107960A4-86F6-429E-A3FC-3151B2920EFD}.Release|Any CPU.Build.0 = Release|Any CPU
		{107960A4-86F6-429E-A3FC-3151B2920EFD}.Release|x86.ActiveCfg = Release|x86
		{107960A4-86F6-429E-A3FC-3151B2920EFD}.Release|x86.Build.0 = Release|x86
		{107960A4-86F6-429E-A3FC-3151B2920EFD}.SingleImage|Any CPU.ActiveCfg = Release|Any CPU
		{107960A4-86F6-429E-A3FC-3151B2920EFD}.SingleImage|Any CPU.Build.0 = Release|Any CPU
		{107960A4-86F6-429E-A3FC-3151B2920EFD}.SingleImage|x86.ActiveCfg = Release|x86
		{107960A4-86F6-429E-A3FC-3151B2920EFD}.SingleImage|x86.Build.0 = Release|x86
		{419EB6DF-64CD-4702-827A-D9CC6F32EFE3}.CD_ROM|Any CPU.ActiveCfg = Release|Any CPU
		{419EB6DF-64CD-4702-827A-D9CC6F32EFE3}.CD_ROM|Any CPU.Build.0 = Release|Any CPU
		{419EB6DF-64CD-4702-827A-D9CC6F32EFE3}.CD_ROM|x86.ActiveCfg = Release|x86
		{419EB6DF-64CD-4702-827A-D9CC6F32EFE3}.CD_ROM|x86.Build.0 = Release|x86
		{419EB6DF-64CD-4702-827A-D9CC6F32EFE3}.Debug|Any CPU.ActiveCfg = Debug|Any CPU
		{419EB6DF-64CD-4702-827A-D9CC6F32EFE3}.Debug|Any CPU.Build.0 = Debug|Any CPU
		{419EB6DF-64CD-4702-827A-D9CC6F32EFE3}.Debug|x86.ActiveCfg = Debug|x86
		{419EB6DF-64CD-4702-827A-D9CC6F32EFE3}.Debug|x86.Build.0 = Debug|x86
		{419EB6DF-64CD-4702-827A-D9CC6F32EFE3}.DVD-5|Any CPU.ActiveCfg = Debug|Any CPU
		{419EB6DF-64CD-4702-827A-D9CC6F32EFE3}.DVD-5|Any CPU.Build.0 = Debug|Any CPU
		{419EB6DF-64CD-4702-827A-D9CC6F32EFE3}.DVD-5|x86.ActiveCfg = Debug|x86
		{419EB6DF-64CD-4702-827A-D9CC6F32EFE3}.DVD-5|x86.Build.0 = Debug|x86
		{419EB6DF-64CD-4702-827A-D9CC6F32EFE3}.Release|Any CPU.ActiveCfg = Release|Any CPU
		{419EB6DF-64CD-4702-827A-D9CC6F32EFE3}.Release|Any CPU.Build.0 = Release|Any CPU
		{419EB6DF-64CD-4702-827A-D9CC6F32EFE3}.Release|x86.ActiveCfg = Release|x86
		{419EB6DF-64CD-4702-827A-D9CC6F32EFE3}.Release|x86.Build.0 = Release|x86
		{419EB6DF-64CD-4702-827A-D9CC6F32EFE3}.SingleImage|Any CPU.ActiveCfg = Release|Any CPU
		{419EB6DF-64CD-4702-827A-D9CC6F32EFE3}.SingleImage|Any CPU.Build.0 = Release|Any CPU
		{419EB6DF-64CD-4702-827A-D9CC6F32EFE3}.SingleImage|x86.ActiveCfg = Release|x86
		{419EB6DF-64CD-4702-827A-D9CC6F32EFE3}.SingleImage|x86.Build.0 = Release|x86
		{98C90F98-1ACB-4FF4-B5F9-F0F3D664B251}.CD_ROM|Any CPU.ActiveCfg = Release|Any CPU
		{98C90F98-1ACB-4FF4-B5F9-F0F3D664B251}.CD_ROM|Any CPU.Build.0 = Release|Any CPU
		{98C90F98-1ACB-4FF4-B5F9-F0F3D664B251}.CD_ROM|x86.ActiveCfg = Release|x86
		{98C90F98-1ACB-4FF4-B5F9-F0F3D664B251}.CD_ROM|x86.Build.0 = Release|x86
		{98C90F98-1ACB-4FF4-B5F9-F0F3D664B251}.Debug|Any CPU.ActiveCfg = Debug|Any CPU
		{98C90F98-1ACB-4FF4-B5F9-F0F3D664B251}.Debug|Any CPU.Build.0 = Debug|Any CPU
		{98C90F98-1ACB-4FF4-B5F9-F0F3D664B251}.Debug|x86.ActiveCfg = Debug|x86
		{98C90F98-1ACB-4FF4-B5F9-F0F3D664B251}.Debug|x86.Build.0 = Debug|x86
		{98C90F98-1ACB-4FF4-B5F9-F0F3D664B251}.DVD-5|Any CPU.ActiveCfg = Debug|Any CPU
		{98C90F98-1ACB-4FF4-B5F9-F0F3D664B251}.DVD-5|Any CPU.Build.0 = Debug|Any CPU
		{98C90F98-1ACB-4FF4-B5F9-F0F3D664B251}.DVD-5|x86.ActiveCfg = Debug|x86
		{98C90F98-1ACB-4FF4-B5F9-F0F3D664B251}.DVD-5|x86.Build.0 = Debug|x86
		{98C90F98-1ACB-4FF4-B5F9-F0F3D664B251}.Release|Any CPU.ActiveCfg = Release|Any CPU
		{98C90F98-1ACB-4FF4-B5F9-F0F3D664B251}.Release|Any CPU.Build.0 = Release|Any CPU
		{98C90F98-1ACB-4FF4-B5F9-F0F3D664B251}.Release|x86.ActiveCfg = Release|x86
		{98C90F98-1ACB-4FF4-B5F9-F0F3D664B251}.Release|x86.Build.0 = Release|x86
		{98C90F98-1ACB-4FF4-B5F9-F0F3D664B251}.SingleImage|Any CPU.ActiveCfg = Release|Any CPU
		{98C90F98-1ACB-4FF4-B5F9-F0F3D664B251}.SingleImage|Any CPU.Build.0 = Release|Any CPU
		{98C90F98-1ACB-4FF4-B5F9-F0F3D664B251}.SingleImage|x86.ActiveCfg = Release|x86
		{98C90F98-1ACB-4FF4-B5F9-F0F3D664B251}.SingleImage|x86.Build.0 = Release|x86
		{273524B6-C333-46CD-BF7A-73A4370950FA}.CD_ROM|Any CPU.ActiveCfg = Release|Any CPU
		{273524B6-C333-46CD-BF7A-73A4370950FA}.CD_ROM|Any CPU.Build.0 = Release|Any CPU
		{273524B6-C333-46CD-BF7A-73A4370950FA}.CD_ROM|x86.ActiveCfg = Release|x86
		{273524B6-C333-46CD-BF7A-73A4370950FA}.CD_ROM|x86.Build.0 = Release|x86
		{273524B6-C333-46CD-BF7A-73A4370950FA}.Debug|Any CPU.ActiveCfg = Debug|Any CPU
		{273524B6-C333-46CD-BF7A-73A4370950FA}.Debug|Any CPU.Build.0 = Debug|Any CPU
		{273524B6-C333-46CD-BF7A-73A4370950FA}.Debug|x86.ActiveCfg = Debug|x86
		{273524B6-C333-46CD-BF7A-73A4370950FA}.Debug|x86.Build.0 = Debug|x86
		{273524B6-C333-46CD-BF7A-73A4370950FA}.DVD-5|Any CPU.ActiveCfg = Debug|Any CPU
		{273524B6-C333-46CD-BF7A-73A4370950FA}.DVD-5|Any CPU.Build.0 = Debug|Any CPU
		{273524B6-C333-46CD-BF7A-73A4370950FA}.DVD-5|x86.ActiveCfg = Debug|x86
		{273524B6-C333-46CD-BF7A-73A4370950FA}.DVD-5|x86.Build.0 = Debug|x86
		{273524B6-C333-46CD-BF7A-73A4370950FA}.Release|Any CPU.ActiveCfg = Release|Any CPU
		{273524B6-C333-46CD-BF7A-73A4370950FA}.Release|Any CPU.Build.0 = Release|Any CPU
		{273524B6-C333-46CD-BF7A-73A4370950FA}.Release|x86.ActiveCfg = Release|x86
		{273524B6-C333-46CD-BF7A-73A4370950FA}.Release|x86.Build.0 = Release|x86
		{273524B6-C333-46CD-BF7A-73A4370950FA}.SingleImage|Any CPU.ActiveCfg = Release|Any CPU
		{273524B6-C333-46CD-BF7A-73A4370950FA}.SingleImage|Any CPU.Build.0 = Release|Any CPU
		{273524B6-C333-46CD-BF7A-73A4370950FA}.SingleImage|x86.ActiveCfg = Release|x86
		{273524B6-C333-46CD-BF7A-73A4370950FA}.SingleImage|x86.Build.0 = Release|x86
		{F6F13AE8-BADC-4661-B830-7B5222D41E4C}.CD_ROM|Any CPU.ActiveCfg = Release|Any CPU
		{F6F13AE8-BADC-4661-B830-7B5222D41E4C}.CD_ROM|Any CPU.Build.0 = Release|Any CPU
		{F6F13AE8-BADC-4661-B830-7B5222D41E4C}.CD_ROM|x86.ActiveCfg = Release|x86
		{F6F13AE8-BADC-4661-B830-7B5222D41E4C}.CD_ROM|x86.Build.0 = Release|x86
		{F6F13AE8-BADC-4661-B830-7B5222D41E4C}.Debug|Any CPU.ActiveCfg = Debug|Any CPU
		{F6F13AE8-BADC-4661-B830-7B5222D41E4C}.Debug|Any CPU.Build.0 = Debug|Any CPU
		{F6F13AE8-BADC-4661-B830-7B5222D41E4C}.Debug|x86.ActiveCfg = Debug|x86
		{F6F13AE8-BADC-4661-B830-7B5222D41E4C}.Debug|x86.Build.0 = Debug|x86
		{F6F13AE8-BADC-4661-B830-7B5222D41E4C}.DVD-5|Any CPU.ActiveCfg = Debug|Any CPU
		{F6F13AE8-BADC-4661-B830-7B5222D41E4C}.DVD-5|Any CPU.Build.0 = Debug|Any CPU
		{F6F13AE8-BADC-4661-B830-7B5222D41E4C}.DVD-5|x86.ActiveCfg = Debug|x86
		{F6F13AE8-BADC-4661-B830-7B5222D41E4C}.DVD-5|x86.Build.0 = Debug|x86
		{F6F13AE8-BADC-4661-B830-7B5222D41E4C}.Release|Any CPU.ActiveCfg = Release|Any CPU
		{F6F13AE8-BADC-4661-B830-7B5222D41E4C}.Release|Any CPU.Build.0 = Release|Any CPU
		{F6F13AE8-BADC-4661-B830-7B5222D41E4C}.Release|x86.ActiveCfg = Release|x86
		{F6F13AE8-BADC-4661-B830-7B5222D41E4C}.Release|x86.Build.0 = Release|x86
		{F6F13AE8-BADC-4661-B830-7B5222D41E4C}.SingleImage|Any CPU.ActiveCfg = Release|Any CPU
		{F6F13AE8-BADC-4661-B830-7B5222D41E4C}.SingleImage|Any CPU.Build.0 = Release|Any CPU
		{F6F13AE8-BADC-4661-B830-7B5222D41E4C}.SingleImage|x86.ActiveCfg = Release|x86
		{F6F13AE8-BADC-4661-B830-7B5222D41E4C}.SingleImage|x86.Build.0 = Release|x86
		{00BB8CE3-0C12-4D77-AC98-16CD844D5DB6}.CD_ROM|Any CPU.ActiveCfg = CD_ROM
		{00BB8CE3-0C12-4D77-AC98-16CD844D5DB6}.CD_ROM|Any CPU.Build.0 = CD_ROM
		{00BB8CE3-0C12-4D77-AC98-16CD844D5DB6}.CD_ROM|x86.ActiveCfg = CD_ROM
		{00BB8CE3-0C12-4D77-AC98-16CD844D5DB6}.CD_ROM|x86.Build.0 = CD_ROM
		{00BB8CE3-0C12-4D77-AC98-16CD844D5DB6}.Debug|Any CPU.ActiveCfg = DVD-5
		{00BB8CE3-0C12-4D77-AC98-16CD844D5DB6}.Debug|Any CPU.Build.0 = DVD-5
		{00BB8CE3-0C12-4D77-AC98-16CD844D5DB6}.Debug|x86.ActiveCfg = DVD-5
		{00BB8CE3-0C12-4D77-AC98-16CD844D5DB6}.Debug|x86.Build.0 = DVD-5
		{00BB8CE3-0C12-4D77-AC98-16CD844D5DB6}.DVD-5|Any CPU.ActiveCfg = DVD-5
		{00BB8CE3-0C12-4D77-AC98-16CD844D5DB6}.DVD-5|Any CPU.Build.0 = DVD-5
		{00BB8CE3-0C12-4D77-AC98-16CD844D5DB6}.DVD-5|x86.ActiveCfg = DVD-5
		{00BB8CE3-0C12-4D77-AC98-16CD844D5DB6}.DVD-5|x86.Build.0 = DVD-5
		{00BB8CE3-0C12-4D77-AC98-16CD844D5DB6}.Release|Any CPU.ActiveCfg = SingleImage
		{00BB8CE3-0C12-4D77-AC98-16CD844D5DB6}.Release|Any CPU.Build.0 = SingleImage
		{00BB8CE3-0C12-4D77-AC98-16CD844D5DB6}.Release|x86.ActiveCfg = SingleImage
		{00BB8CE3-0C12-4D77-AC98-16CD844D5DB6}.Release|x86.Build.0 = SingleImage
		{00BB8CE3-0C12-4D77-AC98-16CD844D5DB6}.SingleImage|Any CPU.ActiveCfg = SingleImage
		{00BB8CE3-0C12-4D77-AC98-16CD844D5DB6}.SingleImage|Any CPU.Build.0 = SingleImage
		{00BB8CE3-0C12-4D77-AC98-16CD844D5DB6}.SingleImage|x86.ActiveCfg = SingleImage
		{00BB8CE3-0C12-4D77-AC98-16CD844D5DB6}.SingleImage|x86.Build.0 = SingleImage
		{6BD1C231-A393-45F4-8807-3DF423DCCC06}.CD_ROM|Any CPU.ActiveCfg = Release|Any CPU
		{6BD1C231-A393-45F4-8807-3DF423DCCC06}.CD_ROM|Any CPU.Build.0 = Release|Any CPU
		{6BD1C231-A393-45F4-8807-3DF423DCCC06}.CD_ROM|x86.ActiveCfg = Release|Any CPU
		{6BD1C231-A393-45F4-8807-3DF423DCCC06}.CD_ROM|x86.Build.0 = Release|Any CPU
		{6BD1C231-A393-45F4-8807-3DF423DCCC06}.Debug|Any CPU.ActiveCfg = Debug|Any CPU
		{6BD1C231-A393-45F4-8807-3DF423DCCC06}.Debug|Any CPU.Build.0 = Debug|Any CPU
		{6BD1C231-A393-45F4-8807-3DF423DCCC06}.Debug|x86.ActiveCfg = Debug|Any CPU
		{6BD1C231-A393-45F4-8807-3DF423DCCC06}.Debug|x86.Build.0 = Debug|Any CPU
		{6BD1C231-A393-45F4-8807-3DF423DCCC06}.DVD-5|Any CPU.ActiveCfg = Debug|Any CPU
		{6BD1C231-A393-45F4-8807-3DF423DCCC06}.DVD-5|Any CPU.Build.0 = Debug|Any CPU
		{6BD1C231-A393-45F4-8807-3DF423DCCC06}.DVD-5|x86.ActiveCfg = Debug|Any CPU
		{6BD1C231-A393-45F4-8807-3DF423DCCC06}.DVD-5|x86.Build.0 = Debug|Any CPU
		{6BD1C231-A393-45F4-8807-3DF423DCCC06}.Release|Any CPU.ActiveCfg = Release|Any CPU
		{6BD1C231-A393-45F4-8807-3DF423DCCC06}.Release|Any CPU.Build.0 = Release|Any CPU
		{6BD1C231-A393-45F4-8807-3DF423DCCC06}.Release|x86.ActiveCfg = Release|Any CPU
		{6BD1C231-A393-45F4-8807-3DF423DCCC06}.Release|x86.Build.0 = Release|Any CPU
		{6BD1C231-A393-45F4-8807-3DF423DCCC06}.SingleImage|Any CPU.ActiveCfg = Release|Any CPU
		{6BD1C231-A393-45F4-8807-3DF423DCCC06}.SingleImage|Any CPU.Build.0 = Release|Any CPU
		{6BD1C231-A393-45F4-8807-3DF423DCCC06}.SingleImage|x86.ActiveCfg = Release|Any CPU
		{6BD1C231-A393-45F4-8807-3DF423DCCC06}.SingleImage|x86.Build.0 = Release|Any CPU
		{9344674D-EF07-4CFC-A10A-0F55DBA7E9D9}.CD_ROM|Any CPU.ActiveCfg = Release|Any CPU
		{9344674D-EF07-4CFC-A10A-0F55DBA7E9D9}.CD_ROM|Any CPU.Build.0 = Release|Any CPU
		{9344674D-EF07-4CFC-A10A-0F55DBA7E9D9}.CD_ROM|x86.ActiveCfg = Release|Any CPU
		{9344674D-EF07-4CFC-A10A-0F55DBA7E9D9}.CD_ROM|x86.Build.0 = Release|Any CPU
		{9344674D-EF07-4CFC-A10A-0F55DBA7E9D9}.Debug|Any CPU.ActiveCfg = Debug|Any CPU
		{9344674D-EF07-4CFC-A10A-0F55DBA7E9D9}.Debug|Any CPU.Build.0 = Debug|Any CPU
		{9344674D-EF07-4CFC-A10A-0F55DBA7E9D9}.Debug|x86.ActiveCfg = Debug|Any CPU
		{9344674D-EF07-4CFC-A10A-0F55DBA7E9D9}.Debug|x86.Build.0 = Debug|Any CPU
		{9344674D-EF07-4CFC-A10A-0F55DBA7E9D9}.DVD-5|Any CPU.ActiveCfg = Debug|Any CPU
		{9344674D-EF07-4CFC-A10A-0F55DBA7E9D9}.DVD-5|Any CPU.Build.0 = Debug|Any CPU
		{9344674D-EF07-4CFC-A10A-0F55DBA7E9D9}.DVD-5|x86.ActiveCfg = Debug|Any CPU
		{9344674D-EF07-4CFC-A10A-0F55DBA7E9D9}.DVD-5|x86.Build.0 = Debug|Any CPU
		{9344674D-EF07-4CFC-A10A-0F55DBA7E9D9}.Release|Any CPU.ActiveCfg = Release|Any CPU
		{9344674D-EF07-4CFC-A10A-0F55DBA7E9D9}.Release|Any CPU.Build.0 = Release|Any CPU
		{9344674D-EF07-4CFC-A10A-0F55DBA7E9D9}.Release|x86.ActiveCfg = Release|Any CPU
		{9344674D-EF07-4CFC-A10A-0F55DBA7E9D9}.Release|x86.Build.0 = Release|Any CPU
		{9344674D-EF07-4CFC-A10A-0F55DBA7E9D9}.SingleImage|Any CPU.ActiveCfg = Release|Any CPU
		{9344674D-EF07-4CFC-A10A-0F55DBA7E9D9}.SingleImage|Any CPU.Build.0 = Release|Any CPU
		{9344674D-EF07-4CFC-A10A-0F55DBA7E9D9}.SingleImage|x86.ActiveCfg = Release|Any CPU
		{9344674D-EF07-4CFC-A10A-0F55DBA7E9D9}.SingleImage|x86.Build.0 = Release|Any CPU
		{8D41383C-ED16-4866-AAFD-5289782A5DEC}.CD_ROM|Any CPU.ActiveCfg = Release|Any CPU
		{8D41383C-ED16-4866-AAFD-5289782A5DEC}.CD_ROM|Any CPU.Build.0 = Release|Any CPU
		{8D41383C-ED16-4866-AAFD-5289782A5DEC}.CD_ROM|x86.ActiveCfg = Release|Any CPU
		{8D41383C-ED16-4866-AAFD-5289782A5DEC}.CD_ROM|x86.Build.0 = Release|Any CPU
		{8D41383C-ED16-4866-AAFD-5289782A5DEC}.Debug|Any CPU.ActiveCfg = Debug|Any CPU
		{8D41383C-ED16-4866-AAFD-5289782A5DEC}.Debug|Any CPU.Build.0 = Debug|Any CPU
		{8D41383C-ED16-4866-AAFD-5289782A5DEC}.Debug|x86.ActiveCfg = Debug|Any CPU
		{8D41383C-ED16-4866-AAFD-5289782A5DEC}.Debug|x86.Build.0 = Debug|Any CPU
		{8D41383C-ED16-4866-AAFD-5289782A5DEC}.DVD-5|Any CPU.ActiveCfg = Debug|Any CPU
		{8D41383C-ED16-4866-AAFD-5289782A5DEC}.DVD-5|Any CPU.Build.0 = Debug|Any CPU
		{8D41383C-ED16-4866-AAFD-5289782A5DEC}.DVD-5|x86.ActiveCfg = Debug|Any CPU
		{8D41383C-ED16-4866-AAFD-5289782A5DEC}.DVD-5|x86.Build.0 = Debug|Any CPU
		{8D41383C-ED16-4866-AAFD-5289782A5DEC}.Release|Any CPU.ActiveCfg = Release|Any CPU
		{8D41383C-ED16-4866-AAFD-5289782A5DEC}.Release|Any CPU.Build.0 = Release|Any CPU
		{8D41383C-ED16-4866-AAFD-5289782A5DEC}.Release|x86.ActiveCfg = Release|Any CPU
		{8D41383C-ED16-4866-AAFD-5289782A5DEC}.Release|x86.Build.0 = Release|Any CPU
		{8D41383C-ED16-4866-AAFD-5289782A5DEC}.SingleImage|Any CPU.ActiveCfg = Release|Any CPU
		{8D41383C-ED16-4866-AAFD-5289782A5DEC}.SingleImage|Any CPU.Build.0 = Release|Any CPU
		{8D41383C-ED16-4866-AAFD-5289782A5DEC}.SingleImage|x86.ActiveCfg = Release|Any CPU
		{8D41383C-ED16-4866-AAFD-5289782A5DEC}.SingleImage|x86.Build.0 = Release|Any CPU
		{B563C608-FC9F-425E-9CF0-7ED1E549D814}.CD_ROM|Any CPU.ActiveCfg = Release|Any CPU
		{B563C608-FC9F-425E-9CF0-7ED1E549D814}.CD_ROM|Any CPU.Build.0 = Release|Any CPU
		{B563C608-FC9F-425E-9CF0-7ED1E549D814}.CD_ROM|x86.ActiveCfg = Release|Any CPU
		{B563C608-FC9F-425E-9CF0-7ED1E549D814}.CD_ROM|x86.Build.0 = Release|Any CPU
		{B563C608-FC9F-425E-9CF0-7ED1E549D814}.Debug|Any CPU.ActiveCfg = Debug|Any CPU
		{B563C608-FC9F-425E-9CF0-7ED1E549D814}.Debug|Any CPU.Build.0 = Debug|Any CPU
		{B563C608-FC9F-425E-9CF0-7ED1E549D814}.Debug|x86.ActiveCfg = Debug|Any CPU
		{B563C608-FC9F-425E-9CF0-7ED1E549D814}.Debug|x86.Build.0 = Debug|Any CPU
		{B563C608-FC9F-425E-9CF0-7ED1E549D814}.DVD-5|Any CPU.ActiveCfg = Debug|Any CPU
		{B563C608-FC9F-425E-9CF0-7ED1E549D814}.DVD-5|Any CPU.Build.0 = Debug|Any CPU
		{B563C608-FC9F-425E-9CF0-7ED1E549D814}.DVD-5|x86.ActiveCfg = Debug|Any CPU
		{B563C608-FC9F-425E-9CF0-7ED1E549D814}.DVD-5|x86.Build.0 = Debug|Any CPU
		{B563C608-FC9F-425E-9CF0-7ED1E549D814}.Release|Any CPU.ActiveCfg = Release|Any CPU
		{B563C608-FC9F-425E-9CF0-7ED1E549D814}.Release|Any CPU.Build.0 = Release|Any CPU
		{B563C608-FC9F-425E-9CF0-7ED1E549D814}.Release|x86.ActiveCfg = Release|Any CPU
		{B563C608-FC9F-425E-9CF0-7ED1E549D814}.Release|x86.Build.0 = Release|Any CPU
		{B563C608-FC9F-425E-9CF0-7ED1E549D814}.SingleImage|Any CPU.ActiveCfg = Release|Any CPU
		{B563C608-FC9F-425E-9CF0-7ED1E549D814}.SingleImage|Any CPU.Build.0 = Release|Any CPU
		{B563C608-FC9F-425E-9CF0-7ED1E549D814}.SingleImage|x86.ActiveCfg = Release|Any CPU
		{B563C608-FC9F-425E-9CF0-7ED1E549D814}.SingleImage|x86.Build.0 = Release|Any CPU
		{CF7B6977-8047-42DF-BA46-CE0F50CC728E}.CD_ROM|Any CPU.ActiveCfg = Release|Any CPU
		{CF7B6977-8047-42DF-BA46-CE0F50CC728E}.CD_ROM|Any CPU.Build.0 = Release|Any CPU
		{CF7B6977-8047-42DF-BA46-CE0F50CC728E}.CD_ROM|x86.ActiveCfg = Release|Any CPU
		{CF7B6977-8047-42DF-BA46-CE0F50CC728E}.CD_ROM|x86.Build.0 = Release|Any CPU
		{CF7B6977-8047-42DF-BA46-CE0F50CC728E}.Debug|Any CPU.ActiveCfg = Debug|Any CPU
		{CF7B6977-8047-42DF-BA46-CE0F50CC728E}.Debug|Any CPU.Build.0 = Debug|Any CPU
		{CF7B6977-8047-42DF-BA46-CE0F50CC728E}.Debug|x86.ActiveCfg = Debug|Any CPU
		{CF7B6977-8047-42DF-BA46-CE0F50CC728E}.Debug|x86.Build.0 = Debug|Any CPU
		{CF7B6977-8047-42DF-BA46-CE0F50CC728E}.DVD-5|Any CPU.ActiveCfg = Debug|Any CPU
		{CF7B6977-8047-42DF-BA46-CE0F50CC728E}.DVD-5|Any CPU.Build.0 = Debug|Any CPU
		{CF7B6977-8047-42DF-BA46-CE0F50CC728E}.DVD-5|x86.ActiveCfg = Debug|Any CPU
		{CF7B6977-8047-42DF-BA46-CE0F50CC728E}.DVD-5|x86.Build.0 = Debug|Any CPU
		{CF7B6977-8047-42DF-BA46-CE0F50CC728E}.Release|Any CPU.ActiveCfg = Release|Any CPU
		{CF7B6977-8047-42DF-BA46-CE0F50CC728E}.Release|Any CPU.Build.0 = Release|Any CPU
		{CF7B6977-8047-42DF-BA46-CE0F50CC728E}.Release|x86.ActiveCfg = Release|Any CPU
		{CF7B6977-8047-42DF-BA46-CE0F50CC728E}.Release|x86.Build.0 = Release|Any CPU
		{CF7B6977-8047-42DF-BA46-CE0F50CC728E}.SingleImage|Any CPU.ActiveCfg = Release|Any CPU
		{CF7B6977-8047-42DF-BA46-CE0F50CC728E}.SingleImage|Any CPU.Build.0 = Release|Any CPU
		{CF7B6977-8047-42DF-BA46-CE0F50CC728E}.SingleImage|x86.ActiveCfg = Release|Any CPU
		{CF7B6977-8047-42DF-BA46-CE0F50CC728E}.SingleImage|x86.Build.0 = Release|Any CPU
		{D24DC11B-E1F5-4A5A-B6AF-79FE401C6C93}.CD_ROM|Any CPU.ActiveCfg = Release|Any CPU
		{D24DC11B-E1F5-4A5A-B6AF-79FE401C6C93}.CD_ROM|Any CPU.Build.0 = Release|Any CPU
		{D24DC11B-E1F5-4A5A-B6AF-79FE401C6C93}.CD_ROM|x86.ActiveCfg = Release|Any CPU
		{D24DC11B-E1F5-4A5A-B6AF-79FE401C6C93}.CD_ROM|x86.Build.0 = Release|Any CPU
		{D24DC11B-E1F5-4A5A-B6AF-79FE401C6C93}.Debug|Any CPU.ActiveCfg = Debug|Any CPU
		{D24DC11B-E1F5-4A5A-B6AF-79FE401C6C93}.Debug|Any CPU.Build.0 = Debug|Any CPU
		{D24DC11B-E1F5-4A5A-B6AF-79FE401C6C93}.Debug|x86.ActiveCfg = Debug|Any CPU
		{D24DC11B-E1F5-4A5A-B6AF-79FE401C6C93}.Debug|x86.Build.0 = Debug|Any CPU
		{D24DC11B-E1F5-4A5A-B6AF-79FE401C6C93}.DVD-5|Any CPU.ActiveCfg = Debug|Any CPU
		{D24DC11B-E1F5-4A5A-B6AF-79FE401C6C93}.DVD-5|Any CPU.Build.0 = Debug|Any CPU
		{D24DC11B-E1F5-4A5A-B6AF-79FE401C6C93}.DVD-5|x86.ActiveCfg = Debug|Any CPU
		{D24DC11B-E1F5-4A5A-B6AF-79FE401C6C93}.DVD-5|x86.Build.0 = Debug|Any CPU
		{D24DC11B-E1F5-4A5A-B6AF-79FE401C6C93}.Release|Any CPU.ActiveCfg = Release|Any CPU
		{D24DC11B-E1F5-4A5A-B6AF-79FE401C6C93}.Release|Any CPU.Build.0 = Release|Any CPU
		{D24DC11B-E1F5-4A5A-B6AF-79FE401C6C93}.Release|x86.ActiveCfg = Release|Any CPU
		{D24DC11B-E1F5-4A5A-B6AF-79FE401C6C93}.Release|x86.Build.0 = Release|Any CPU
		{D24DC11B-E1F5-4A5A-B6AF-79FE401C6C93}.SingleImage|Any CPU.ActiveCfg = Release|Any CPU
		{D24DC11B-E1F5-4A5A-B6AF-79FE401C6C93}.SingleImage|Any CPU.Build.0 = Release|Any CPU
		{D24DC11B-E1F5-4A5A-B6AF-79FE401C6C93}.SingleImage|x86.ActiveCfg = Release|Any CPU
		{D24DC11B-E1F5-4A5A-B6AF-79FE401C6C93}.SingleImage|x86.Build.0 = Release|Any CPU
		{12FB7AEA-ED7E-4541-BBAD-E4A49684F33D}.CD_ROM|Any CPU.ActiveCfg = Release|Any CPU
		{12FB7AEA-ED7E-4541-BBAD-E4A49684F33D}.CD_ROM|Any CPU.Build.0 = Release|Any CPU
		{12FB7AEA-ED7E-4541-BBAD-E4A49684F33D}.CD_ROM|x86.ActiveCfg = Release|x86
		{12FB7AEA-ED7E-4541-BBAD-E4A49684F33D}.CD_ROM|x86.Build.0 = Release|x86
		{12FB7AEA-ED7E-4541-BBAD-E4A49684F33D}.Debug|Any CPU.ActiveCfg = Debug|Any CPU
		{12FB7AEA-ED7E-4541-BBAD-E4A49684F33D}.Debug|Any CPU.Build.0 = Debug|Any CPU
		{12FB7AEA-ED7E-4541-BBAD-E4A49684F33D}.Debug|x86.ActiveCfg = Debug|x86
		{12FB7AEA-ED7E-4541-BBAD-E4A49684F33D}.Debug|x86.Build.0 = Debug|x86
		{12FB7AEA-ED7E-4541-BBAD-E4A49684F33D}.DVD-5|Any CPU.ActiveCfg = Debug|Any CPU
		{12FB7AEA-ED7E-4541-BBAD-E4A49684F33D}.DVD-5|Any CPU.Build.0 = Debug|Any CPU
		{12FB7AEA-ED7E-4541-BBAD-E4A49684F33D}.DVD-5|x86.ActiveCfg = Debug|x86
		{12FB7AEA-ED7E-4541-BBAD-E4A49684F33D}.DVD-5|x86.Build.0 = Debug|x86
		{12FB7AEA-ED7E-4541-BBAD-E4A49684F33D}.Release|Any CPU.ActiveCfg = Release|Any CPU
		{12FB7AEA-ED7E-4541-BBAD-E4A49684F33D}.Release|Any CPU.Build.0 = Release|Any CPU
		{12FB7AEA-ED7E-4541-BBAD-E4A49684F33D}.Release|x86.ActiveCfg = Release|x86
		{12FB7AEA-ED7E-4541-BBAD-E4A49684F33D}.Release|x86.Build.0 = Release|x86
		{12FB7AEA-ED7E-4541-BBAD-E4A49684F33D}.SingleImage|Any CPU.ActiveCfg = Release|Any CPU
		{12FB7AEA-ED7E-4541-BBAD-E4A49684F33D}.SingleImage|Any CPU.Build.0 = Release|Any CPU
		{12FB7AEA-ED7E-4541-BBAD-E4A49684F33D}.SingleImage|x86.ActiveCfg = Release|x86
		{12FB7AEA-ED7E-4541-BBAD-E4A49684F33D}.SingleImage|x86.Build.0 = Release|x86
		{91767E79-7074-4714-8493-564AF7B9EF6E}.CD_ROM|Any CPU.ActiveCfg = Release|Any CPU
		{91767E79-7074-4714-8493-564AF7B9EF6E}.CD_ROM|Any CPU.Build.0 = Release|Any CPU
		{91767E79-7074-4714-8493-564AF7B9EF6E}.CD_ROM|x86.ActiveCfg = Release|x86
		{91767E79-7074-4714-8493-564AF7B9EF6E}.CD_ROM|x86.Build.0 = Release|x86
		{91767E79-7074-4714-8493-564AF7B9EF6E}.Debug|Any CPU.ActiveCfg = Debug|Any CPU
		{91767E79-7074-4714-8493-564AF7B9EF6E}.Debug|Any CPU.Build.0 = Debug|Any CPU
		{91767E79-7074-4714-8493-564AF7B9EF6E}.Debug|x86.ActiveCfg = Debug|x86
		{91767E79-7074-4714-8493-564AF7B9EF6E}.Debug|x86.Build.0 = Debug|x86
		{91767E79-7074-4714-8493-564AF7B9EF6E}.DVD-5|Any CPU.ActiveCfg = Debug|Any CPU
		{91767E79-7074-4714-8493-564AF7B9EF6E}.DVD-5|Any CPU.Build.0 = Debug|Any CPU
		{91767E79-7074-4714-8493-564AF7B9EF6E}.DVD-5|x86.ActiveCfg = Debug|x86
		{91767E79-7074-4714-8493-564AF7B9EF6E}.DVD-5|x86.Build.0 = Debug|x86
		{91767E79-7074-4714-8493-564AF7B9EF6E}.Release|Any CPU.ActiveCfg = Release|Any CPU
		{91767E79-7074-4714-8493-564AF7B9EF6E}.Release|Any CPU.Build.0 = Release|Any CPU
		{91767E79-7074-4714-8493-564AF7B9EF6E}.Release|x86.ActiveCfg = Release|x86
		{91767E79-7074-4714-8493-564AF7B9EF6E}.Release|x86.Build.0 = Release|x86
		{91767E79-7074-4714-8493-564AF7B9EF6E}.SingleImage|Any CPU.ActiveCfg = Release|Any CPU
		{91767E79-7074-4714-8493-564AF7B9EF6E}.SingleImage|Any CPU.Build.0 = Release|Any CPU
		{91767E79-7074-4714-8493-564AF7B9EF6E}.SingleImage|x86.ActiveCfg = Release|x86
		{91767E79-7074-4714-8493-564AF7B9EF6E}.SingleImage|x86.Build.0 = Release|x86
		{B8CECB97-03D1-4EAB-B727-BE57C45D8151}.CD_ROM|Any CPU.ActiveCfg = Release|Any CPU
		{B8CECB97-03D1-4EAB-B727-BE57C45D8151}.CD_ROM|Any CPU.Build.0 = Release|Any CPU
		{B8CECB97-03D1-4EAB-B727-BE57C45D8151}.CD_ROM|x86.ActiveCfg = Release|Any CPU
		{B8CECB97-03D1-4EAB-B727-BE57C45D8151}.CD_ROM|x86.Build.0 = Release|Any CPU
		{B8CECB97-03D1-4EAB-B727-BE57C45D8151}.Debug|Any CPU.ActiveCfg = Debug|Any CPU
		{B8CECB97-03D1-4EAB-B727-BE57C45D8151}.Debug|Any CPU.Build.0 = Debug|Any CPU
		{B8CECB97-03D1-4EAB-B727-BE57C45D8151}.Debug|x86.ActiveCfg = Debug|Any CPU
		{B8CECB97-03D1-4EAB-B727-BE57C45D8151}.Debug|x86.Build.0 = Debug|Any CPU
		{B8CECB97-03D1-4EAB-B727-BE57C45D8151}.DVD-5|Any CPU.ActiveCfg = Debug|Any CPU
		{B8CECB97-03D1-4EAB-B727-BE57C45D8151}.DVD-5|Any CPU.Build.0 = Debug|Any CPU
		{B8CECB97-03D1-4EAB-B727-BE57C45D8151}.DVD-5|x86.ActiveCfg = Debug|Any CPU
		{B8CECB97-03D1-4EAB-B727-BE57C45D8151}.DVD-5|x86.Build.0 = Debug|Any CPU
		{B8CECB97-03D1-4EAB-B727-BE57C45D8151}.Release|Any CPU.ActiveCfg = Release|Any CPU
		{B8CECB97-03D1-4EAB-B727-BE57C45D8151}.Release|Any CPU.Build.0 = Release|Any CPU
		{B8CECB97-03D1-4EAB-B727-BE57C45D8151}.Release|x86.ActiveCfg = Release|Any CPU
		{B8CECB97-03D1-4EAB-B727-BE57C45D8151}.Release|x86.Build.0 = Release|Any CPU
		{B8CECB97-03D1-4EAB-B727-BE57C45D8151}.SingleImage|Any CPU.ActiveCfg = Release|Any CPU
		{B8CECB97-03D1-4EAB-B727-BE57C45D8151}.SingleImage|Any CPU.Build.0 = Release|Any CPU
		{B8CECB97-03D1-4EAB-B727-BE57C45D8151}.SingleImage|x86.ActiveCfg = Release|Any CPU
		{B8CECB97-03D1-4EAB-B727-BE57C45D8151}.SingleImage|x86.Build.0 = Release|Any CPU
		{CB81FA12-EB86-4645-AD1C-3E3DB468E227}.CD_ROM|Any CPU.ActiveCfg = Release|Any CPU
		{CB81FA12-EB86-4645-AD1C-3E3DB468E227}.CD_ROM|Any CPU.Build.0 = Release|Any CPU
		{CB81FA12-EB86-4645-AD1C-3E3DB468E227}.CD_ROM|x86.ActiveCfg = Release|x86
		{CB81FA12-EB86-4645-AD1C-3E3DB468E227}.CD_ROM|x86.Build.0 = Release|x86
		{CB81FA12-EB86-4645-AD1C-3E3DB468E227}.Debug|Any CPU.ActiveCfg = Debug|Any CPU
		{CB81FA12-EB86-4645-AD1C-3E3DB468E227}.Debug|Any CPU.Build.0 = Debug|Any CPU
		{CB81FA12-EB86-4645-AD1C-3E3DB468E227}.Debug|x86.ActiveCfg = Debug|x86
		{CB81FA12-EB86-4645-AD1C-3E3DB468E227}.Debug|x86.Build.0 = Debug|x86
		{CB81FA12-EB86-4645-AD1C-3E3DB468E227}.DVD-5|Any CPU.ActiveCfg = Debug|Any CPU
		{CB81FA12-EB86-4645-AD1C-3E3DB468E227}.DVD-5|Any CPU.Build.0 = Debug|Any CPU
		{CB81FA12-EB86-4645-AD1C-3E3DB468E227}.DVD-5|x86.ActiveCfg = Debug|x86
		{CB81FA12-EB86-4645-AD1C-3E3DB468E227}.DVD-5|x86.Build.0 = Debug|x86
		{CB81FA12-EB86-4645-AD1C-3E3DB468E227}.Release|Any CPU.ActiveCfg = Release|Any CPU
		{CB81FA12-EB86-4645-AD1C-3E3DB468E227}.Release|Any CPU.Build.0 = Release|Any CPU
		{CB81FA12-EB86-4645-AD1C-3E3DB468E227}.Release|x86.ActiveCfg = Release|x86
		{CB81FA12-EB86-4645-AD1C-3E3DB468E227}.Release|x86.Build.0 = Release|x86
		{CB81FA12-EB86-4645-AD1C-3E3DB468E227}.SingleImage|Any CPU.ActiveCfg = Release|Any CPU
		{CB81FA12-EB86-4645-AD1C-3E3DB468E227}.SingleImage|Any CPU.Build.0 = Release|Any CPU
		{CB81FA12-EB86-4645-AD1C-3E3DB468E227}.SingleImage|x86.ActiveCfg = Release|x86
		{CB81FA12-EB86-4645-AD1C-3E3DB468E227}.SingleImage|x86.Build.0 = Release|x86
		{D5A3A098-5AEA-41FB-8C11-21A588FDDCC6}.CD_ROM|Any CPU.ActiveCfg = Debug|Any CPU
		{D5A3A098-5AEA-41FB-8C11-21A588FDDCC6}.CD_ROM|Any CPU.Build.0 = Debug|Any CPU
		{D5A3A098-5AEA-41FB-8C11-21A588FDDCC6}.CD_ROM|x86.ActiveCfg = Debug|Any CPU
		{D5A3A098-5AEA-41FB-8C11-21A588FDDCC6}.CD_ROM|x86.Build.0 = Debug|Any CPU
		{D5A3A098-5AEA-41FB-8C11-21A588FDDCC6}.Debug|Any CPU.ActiveCfg = Debug|Any CPU
		{D5A3A098-5AEA-41FB-8C11-21A588FDDCC6}.Debug|Any CPU.Build.0 = Debug|Any CPU
		{D5A3A098-5AEA-41FB-8C11-21A588FDDCC6}.Debug|x86.ActiveCfg = Debug|Any CPU
		{D5A3A098-5AEA-41FB-8C11-21A588FDDCC6}.Debug|x86.Build.0 = Debug|Any CPU
		{D5A3A098-5AEA-41FB-8C11-21A588FDDCC6}.DVD-5|Any CPU.ActiveCfg = Debug|Any CPU
		{D5A3A098-5AEA-41FB-8C11-21A588FDDCC6}.DVD-5|Any CPU.Build.0 = Debug|Any CPU
		{D5A3A098-5AEA-41FB-8C11-21A588FDDCC6}.DVD-5|x86.ActiveCfg = Debug|Any CPU
		{D5A3A098-5AEA-41FB-8C11-21A588FDDCC6}.DVD-5|x86.Build.0 = Debug|Any CPU
		{D5A3A098-5AEA-41FB-8C11-21A588FDDCC6}.Release|Any CPU.ActiveCfg = Release|Any CPU
		{D5A3A098-5AEA-41FB-8C11-21A588FDDCC6}.Release|Any CPU.Build.0 = Release|Any CPU
		{D5A3A098-5AEA-41FB-8C11-21A588FDDCC6}.Release|x86.ActiveCfg = Release|Any CPU
		{D5A3A098-5AEA-41FB-8C11-21A588FDDCC6}.Release|x86.Build.0 = Release|Any CPU
		{D5A3A098-5AEA-41FB-8C11-21A588FDDCC6}.SingleImage|Any CPU.ActiveCfg = Debug|Any CPU
		{D5A3A098-5AEA-41FB-8C11-21A588FDDCC6}.SingleImage|Any CPU.Build.0 = Debug|Any CPU
		{D5A3A098-5AEA-41FB-8C11-21A588FDDCC6}.SingleImage|x86.ActiveCfg = Debug|Any CPU
		{D5A3A098-5AEA-41FB-8C11-21A588FDDCC6}.SingleImage|x86.Build.0 = Debug|Any CPU
		{731724DE-1419-4F30-9F7A-88BC735FEC11}.CD_ROM|Any CPU.ActiveCfg = Debug|Any CPU
		{731724DE-1419-4F30-9F7A-88BC735FEC11}.CD_ROM|Any CPU.Build.0 = Debug|Any CPU
		{731724DE-1419-4F30-9F7A-88BC735FEC11}.CD_ROM|x86.ActiveCfg = Debug|x86
		{731724DE-1419-4F30-9F7A-88BC735FEC11}.CD_ROM|x86.Build.0 = Debug|x86
		{731724DE-1419-4F30-9F7A-88BC735FEC11}.Debug|Any CPU.ActiveCfg = Debug|Any CPU
		{731724DE-1419-4F30-9F7A-88BC735FEC11}.Debug|Any CPU.Build.0 = Debug|Any CPU
		{731724DE-1419-4F30-9F7A-88BC735FEC11}.Debug|x86.ActiveCfg = Debug|x86
		{731724DE-1419-4F30-9F7A-88BC735FEC11}.Debug|x86.Build.0 = Debug|x86
		{731724DE-1419-4F30-9F7A-88BC735FEC11}.DVD-5|Any CPU.ActiveCfg = Debug|Any CPU
		{731724DE-1419-4F30-9F7A-88BC735FEC11}.DVD-5|Any CPU.Build.0 = Debug|Any CPU
		{731724DE-1419-4F30-9F7A-88BC735FEC11}.DVD-5|x86.ActiveCfg = Debug|x86
		{731724DE-1419-4F30-9F7A-88BC735FEC11}.DVD-5|x86.Build.0 = Debug|x86
		{731724DE-1419-4F30-9F7A-88BC735FEC11}.Release|Any CPU.ActiveCfg = Release|Any CPU
		{731724DE-1419-4F30-9F7A-88BC735FEC11}.Release|Any CPU.Build.0 = Release|Any CPU
		{731724DE-1419-4F30-9F7A-88BC735FEC11}.Release|x86.ActiveCfg = Release|x86
		{731724DE-1419-4F30-9F7A-88BC735FEC11}.Release|x86.Build.0 = Release|x86
		{731724DE-1419-4F30-9F7A-88BC735FEC11}.SingleImage|Any CPU.ActiveCfg = Debug|Any CPU
		{731724DE-1419-4F30-9F7A-88BC735FEC11}.SingleImage|Any CPU.Build.0 = Debug|Any CPU
		{731724DE-1419-4F30-9F7A-88BC735FEC11}.SingleImage|x86.ActiveCfg = Debug|x86
		{731724DE-1419-4F30-9F7A-88BC735FEC11}.SingleImage|x86.Build.0 = Debug|x86
		{E8AFDB84-3F17-47D6-8CBF-6AACC6239364}.CD_ROM|Any CPU.ActiveCfg = Debug|Any CPU
		{E8AFDB84-3F17-47D6-8CBF-6AACC6239364}.CD_ROM|Any CPU.Build.0 = Debug|Any CPU
		{E8AFDB84-3F17-47D6-8CBF-6AACC6239364}.CD_ROM|x86.ActiveCfg = Debug|x86
		{E8AFDB84-3F17-47D6-8CBF-6AACC6239364}.CD_ROM|x86.Build.0 = Debug|x86
		{E8AFDB84-3F17-47D6-8CBF-6AACC6239364}.Debug|Any CPU.ActiveCfg = Debug|Any CPU
		{E8AFDB84-3F17-47D6-8CBF-6AACC6239364}.Debug|Any CPU.Build.0 = Debug|Any CPU
		{E8AFDB84-3F17-47D6-8CBF-6AACC6239364}.Debug|x86.ActiveCfg = Debug|x86
		{E8AFDB84-3F17-47D6-8CBF-6AACC6239364}.Debug|x86.Build.0 = Debug|x86
		{E8AFDB84-3F17-47D6-8CBF-6AACC6239364}.DVD-5|Any CPU.ActiveCfg = Debug|Any CPU
		{E8AFDB84-3F17-47D6-8CBF-6AACC6239364}.DVD-5|Any CPU.Build.0 = Debug|Any CPU
		{E8AFDB84-3F17-47D6-8CBF-6AACC6239364}.DVD-5|x86.ActiveCfg = Debug|x86
		{E8AFDB84-3F17-47D6-8CBF-6AACC6239364}.DVD-5|x86.Build.0 = Debug|x86
		{E8AFDB84-3F17-47D6-8CBF-6AACC6239364}.Release|Any CPU.ActiveCfg = Release|Any CPU
		{E8AFDB84-3F17-47D6-8CBF-6AACC6239364}.Release|Any CPU.Build.0 = Release|Any CPU
		{E8AFDB84-3F17-47D6-8CBF-6AACC6239364}.Release|x86.ActiveCfg = Release|x86
		{E8AFDB84-3F17-47D6-8CBF-6AACC6239364}.Release|x86.Build.0 = Release|x86
		{E8AFDB84-3F17-47D6-8CBF-6AACC6239364}.SingleImage|Any CPU.ActiveCfg = Debug|Any CPU
		{E8AFDB84-3F17-47D6-8CBF-6AACC6239364}.SingleImage|Any CPU.Build.0 = Debug|Any CPU
		{E8AFDB84-3F17-47D6-8CBF-6AACC6239364}.SingleImage|x86.ActiveCfg = Debug|x86
		{E8AFDB84-3F17-47D6-8CBF-6AACC6239364}.SingleImage|x86.Build.0 = Debug|x86
		{B71C254D-A08C-43D2-B352-53A88D4EA2C5}.CD_ROM|Any CPU.ActiveCfg = Debug|Any CPU
		{B71C254D-A08C-43D2-B352-53A88D4EA2C5}.CD_ROM|Any CPU.Build.0 = Debug|Any CPU
		{B71C254D-A08C-43D2-B352-53A88D4EA2C5}.CD_ROM|x86.ActiveCfg = Debug|Any CPU
		{B71C254D-A08C-43D2-B352-53A88D4EA2C5}.CD_ROM|x86.Build.0 = Debug|Any CPU
		{B71C254D-A08C-43D2-B352-53A88D4EA2C5}.Debug|Any CPU.ActiveCfg = Debug|Any CPU
		{B71C254D-A08C-43D2-B352-53A88D4EA2C5}.Debug|Any CPU.Build.0 = Debug|Any CPU
		{B71C254D-A08C-43D2-B352-53A88D4EA2C5}.Debug|x86.ActiveCfg = Debug|Any CPU
		{B71C254D-A08C-43D2-B352-53A88D4EA2C5}.Debug|x86.Build.0 = Debug|Any CPU
		{B71C254D-A08C-43D2-B352-53A88D4EA2C5}.DVD-5|Any CPU.ActiveCfg = Debug|Any CPU
		{B71C254D-A08C-43D2-B352-53A88D4EA2C5}.DVD-5|Any CPU.Build.0 = Debug|Any CPU
		{B71C254D-A08C-43D2-B352-53A88D4EA2C5}.DVD-5|x86.ActiveCfg = Debug|Any CPU
		{B71C254D-A08C-43D2-B352-53A88D4EA2C5}.DVD-5|x86.Build.0 = Debug|Any CPU
		{B71C254D-A08C-43D2-B352-53A88D4EA2C5}.Release|Any CPU.ActiveCfg = Release|Any CPU
		{B71C254D-A08C-43D2-B352-53A88D4EA2C5}.Release|Any CPU.Build.0 = Release|Any CPU
		{B71C254D-A08C-43D2-B352-53A88D4EA2C5}.Release|x86.ActiveCfg = Release|Any CPU
		{B71C254D-A08C-43D2-B352-53A88D4EA2C5}.Release|x86.Build.0 = Release|Any CPU
		{B71C254D-A08C-43D2-B352-53A88D4EA2C5}.SingleImage|Any CPU.ActiveCfg = Debug|Any CPU
		{B71C254D-A08C-43D2-B352-53A88D4EA2C5}.SingleImage|Any CPU.Build.0 = Debug|Any CPU
		{B71C254D-A08C-43D2-B352-53A88D4EA2C5}.SingleImage|x86.ActiveCfg = Debug|Any CPU
		{B71C254D-A08C-43D2-B352-53A88D4EA2C5}.SingleImage|x86.Build.0 = Debug|Any CPU
		{49134F0B-29B1-4844-BCA0-882679FB31B0}.CD_ROM|Any CPU.ActiveCfg = Debug|Any CPU
		{49134F0B-29B1-4844-BCA0-882679FB31B0}.CD_ROM|Any CPU.Build.0 = Debug|Any CPU
		{49134F0B-29B1-4844-BCA0-882679FB31B0}.CD_ROM|x86.ActiveCfg = Debug|Any CPU
		{49134F0B-29B1-4844-BCA0-882679FB31B0}.CD_ROM|x86.Build.0 = Debug|Any CPU
		{49134F0B-29B1-4844-BCA0-882679FB31B0}.Debug|Any CPU.ActiveCfg = Debug|Any CPU
		{49134F0B-29B1-4844-BCA0-882679FB31B0}.Debug|Any CPU.Build.0 = Debug|Any CPU
		{49134F0B-29B1-4844-BCA0-882679FB31B0}.Debug|x86.ActiveCfg = Debug|Any CPU
		{49134F0B-29B1-4844-BCA0-882679FB31B0}.Debug|x86.Build.0 = Debug|Any CPU
		{49134F0B-29B1-4844-BCA0-882679FB31B0}.DVD-5|Any CPU.ActiveCfg = Debug|Any CPU
		{49134F0B-29B1-4844-BCA0-882679FB31B0}.DVD-5|Any CPU.Build.0 = Debug|Any CPU
		{49134F0B-29B1-4844-BCA0-882679FB31B0}.DVD-5|x86.ActiveCfg = Debug|Any CPU
		{49134F0B-29B1-4844-BCA0-882679FB31B0}.DVD-5|x86.Build.0 = Debug|Any CPU
		{49134F0B-29B1-4844-BCA0-882679FB31B0}.Release|Any CPU.ActiveCfg = Release|Any CPU
		{49134F0B-29B1-4844-BCA0-882679FB31B0}.Release|Any CPU.Build.0 = Release|Any CPU
		{49134F0B-29B1-4844-BCA0-882679FB31B0}.Release|x86.ActiveCfg = Release|Any CPU
		{49134F0B-29B1-4844-BCA0-882679FB31B0}.Release|x86.Build.0 = Release|Any CPU
		{49134F0B-29B1-4844-BCA0-882679FB31B0}.SingleImage|Any CPU.ActiveCfg = Debug|Any CPU
		{49134F0B-29B1-4844-BCA0-882679FB31B0}.SingleImage|Any CPU.Build.0 = Debug|Any CPU
		{49134F0B-29B1-4844-BCA0-882679FB31B0}.SingleImage|x86.ActiveCfg = Debug|Any CPU
		{49134F0B-29B1-4844-BCA0-882679FB31B0}.SingleImage|x86.Build.0 = Debug|Any CPU
		{D16818D5-7A6B-4807-8AD6-EBD3266D54FA}.CD_ROM|Any CPU.ActiveCfg = Debug|Any CPU
		{D16818D5-7A6B-4807-8AD6-EBD3266D54FA}.CD_ROM|Any CPU.Build.0 = Debug|Any CPU
		{D16818D5-7A6B-4807-8AD6-EBD3266D54FA}.CD_ROM|x86.ActiveCfg = Debug|Any CPU
		{D16818D5-7A6B-4807-8AD6-EBD3266D54FA}.CD_ROM|x86.Build.0 = Debug|Any CPU
		{D16818D5-7A6B-4807-8AD6-EBD3266D54FA}.Debug|Any CPU.ActiveCfg = Debug|Any CPU
		{D16818D5-7A6B-4807-8AD6-EBD3266D54FA}.Debug|Any CPU.Build.0 = Debug|Any CPU
		{D16818D5-7A6B-4807-8AD6-EBD3266D54FA}.Debug|x86.ActiveCfg = Debug|Any CPU
		{D16818D5-7A6B-4807-8AD6-EBD3266D54FA}.Debug|x86.Build.0 = Debug|Any CPU
		{D16818D5-7A6B-4807-8AD6-EBD3266D54FA}.DVD-5|Any CPU.ActiveCfg = Debug|Any CPU
		{D16818D5-7A6B-4807-8AD6-EBD3266D54FA}.DVD-5|Any CPU.Build.0 = Debug|Any CPU
		{D16818D5-7A6B-4807-8AD6-EBD3266D54FA}.DVD-5|x86.ActiveCfg = Debug|Any CPU
		{D16818D5-7A6B-4807-8AD6-EBD3266D54FA}.DVD-5|x86.Build.0 = Debug|Any CPU
		{D16818D5-7A6B-4807-8AD6-EBD3266D54FA}.Release|Any CPU.ActiveCfg = Release|Any CPU
		{D16818D5-7A6B-4807-8AD6-EBD3266D54FA}.Release|Any CPU.Build.0 = Release|Any CPU
		{D16818D5-7A6B-4807-8AD6-EBD3266D54FA}.Release|x86.ActiveCfg = Release|Any CPU
		{D16818D5-7A6B-4807-8AD6-EBD3266D54FA}.Release|x86.Build.0 = Release|Any CPU
		{D16818D5-7A6B-4807-8AD6-EBD3266D54FA}.SingleImage|Any CPU.ActiveCfg = Debug|Any CPU
		{D16818D5-7A6B-4807-8AD6-EBD3266D54FA}.SingleImage|Any CPU.Build.0 = Debug|Any CPU
		{D16818D5-7A6B-4807-8AD6-EBD3266D54FA}.SingleImage|x86.ActiveCfg = Debug|Any CPU
		{D16818D5-7A6B-4807-8AD6-EBD3266D54FA}.SingleImage|x86.Build.0 = Debug|Any CPU
	EndGlobalSection
	GlobalSection(SolutionProperties) = preSolution
		HideSolutionNode = FALSE
	EndGlobalSection
	GlobalSection(NestedProjects) = preSolution
		{53A69671-224A-47E2-B17F-7B6E746EF9D1} = {C1F4A0F2-6393-4596-98A7-1BFE8021CC9D}
		{107960A4-86F6-429E-A3FC-3151B2920EFD} = {9BDBB3D4-06BF-48E1-A579-514580FE973B}
		{419EB6DF-64CD-4702-827A-D9CC6F32EFE3} = {9BDBB3D4-06BF-48E1-A579-514580FE973B}
		{98C90F98-1ACB-4FF4-B5F9-F0F3D664B251} = {204E20ED-4B27-46F3-A529-0B9E87DF3605}
		{273524B6-C333-46CD-BF7A-73A4370950FA} = {204E20ED-4B27-46F3-A529-0B9E87DF3605}
		{F6F13AE8-BADC-4661-B830-7B5222D41E4C} = {204E20ED-4B27-46F3-A529-0B9E87DF3605}
		{00BB8CE3-0C12-4D77-AC98-16CD844D5DB6} = {204E20ED-4B27-46F3-A529-0B9E87DF3605}
		{6BD1C231-A393-45F4-8807-3DF423DCCC06} = {204E20ED-4B27-46F3-A529-0B9E87DF3605}
		{9344674D-EF07-4CFC-A10A-0F55DBA7E9D9} = {204E20ED-4B27-46F3-A529-0B9E87DF3605}
		{8D41383C-ED16-4866-AAFD-5289782A5DEC} = {204E20ED-4B27-46F3-A529-0B9E87DF3605}
		{B563C608-FC9F-425E-9CF0-7ED1E549D814} = {204E20ED-4B27-46F3-A529-0B9E87DF3605}
		{CF7B6977-8047-42DF-BA46-CE0F50CC728E} = {9BDBB3D4-06BF-48E1-A579-514580FE973B}
		{D24DC11B-E1F5-4A5A-B6AF-79FE401C6C93} = {C1F4A0F2-6393-4596-98A7-1BFE8021CC9D}
		{12FB7AEA-ED7E-4541-BBAD-E4A49684F33D} = {9BDBB3D4-06BF-48E1-A579-514580FE973B}
		{91767E79-7074-4714-8493-564AF7B9EF6E} = {9BDBB3D4-06BF-48E1-A579-514580FE973B}
		{B8CECB97-03D1-4EAB-B727-BE57C45D8151} = {C1F4A0F2-6393-4596-98A7-1BFE8021CC9D}
		{CB81FA12-EB86-4645-AD1C-3E3DB468E227} = {204E20ED-4B27-46F3-A529-0B9E87DF3605}
		{D5A3A098-5AEA-41FB-8C11-21A588FDDCC6} = {C1F4A0F2-6393-4596-98A7-1BFE8021CC9D}
		{731724DE-1419-4F30-9F7A-88BC735FEC11} = {204E20ED-4B27-46F3-A529-0B9E87DF3605}
		{E8AFDB84-3F17-47D6-8CBF-6AACC6239364} = {204E20ED-4B27-46F3-A529-0B9E87DF3605}
		{B71C254D-A08C-43D2-B352-53A88D4EA2C5} = {204E20ED-4B27-46F3-A529-0B9E87DF3605}
		{49134F0B-29B1-4844-BCA0-882679FB31B0} = {204E20ED-4B27-46F3-A529-0B9E87DF3605}
		{D16818D5-7A6B-4807-8AD6-EBD3266D54FA} = {204E20ED-4B27-46F3-A529-0B9E87DF3605}
	EndGlobalSection
	GlobalSection(ExtensibilityGlobals) = postSolution
		SolutionGuid = {6AE74ADF-0618-4EE3-AF26-14F6698A7362}
	EndGlobalSection
	GlobalSection(TeamFoundationVersionControl) = preSolution
		SccNumberOfProjects = 1
		SccEnterpriseProvider = {4CA58AB2-18FA-4F8D-95D4-32DDF27D184C}
		SccTeamFoundationServer = https://dev.azure.com/truetechdeveloper
		SccProjectUniqueName0 = Service\\WMSSyncDataSetup\\WMSSyncDataSetup.isproj
		SccProjectTopLevelParentUniqueName0 = EDMS.sln
		SccAuxPath0 = https://dev.azure.com/truetechdeveloper
		SccLocalPath0 = Service\\WMSSyncDataSetup
		SccProvider0 = {4CA58AB2-18FA-4F8D-95D4-32DDF27D184C}
	EndGlobalSection
EndGlobal
